{
  "requires": true,
  "lockfileVersion": 1,
  "dependencies": {
    "bootstrap": {
      "version": "4.3.1",
      "resolved": "https://registry.npmjs.org/bootstrap/-/bootstrap-4.3.1.tgz",
      "integrity": "sha512-rXqOmH1VilAt2DyPzluTi2blhk17bO7ef+zLLPlWvG494pDxcM234pJ8wTc/6R40UWizAIIMgxjvxZg5kmsbag=="
    },
    "jquery": {
      "version": "3.4.0",
      "resolved": "https://registry.npmjs.org/jquery/-/jquery-3.4.0.tgz",
      "integrity": "sha512-ggRCXln9zEqv6OqAGXFEcshF5dSBvCkzj6Gm2gzuR5fWawaX8t7cxKVkkygKODrDAzKdoYw3l/e3pm3vlT4IbQ=="
    },
    "rxjs": {
      "version": "6.5.1",
      "resolved": "https://registry.npmjs.org/rxjs/-/rxjs-6.5.1.tgz",
      "integrity": "sha512-y0j31WJc83wPu31vS1VlAFW5JGrnGC+j+TtGAa1fRQphy48+fDYiDmX8tjGloToEsMkxnouOg/1IzXGKkJnZMg==",
      "requires": {
        "tslib": "^1.9.0"
      }
    },
    "rxjs-compat": {
      "version": "6.5.1",
      "resolved": "https://registry.npmjs.org/rxjs-compat/-/rxjs-compat-6.5.1.tgz",
      "integrity": "sha512-k0aaMAYFg+DCIUxo3yJcUamFRenWLR23e/VJCQvKOxwSd9DQlwcSn2ov+7b23rKaX4weKG7OrzEBWGqQPkQ07A=="
    },
    "tslib": {
      "version": "1.9.3",
      "resolved": "https://registry.npmjs.org/tslib/-/tslib-1.9.3.tgz",
      "integrity": "sha512-4krF8scpejhaOgqzBEcGM7yDIEfi0/8+8zDRZhNZZ2kjmHJ4hv3zCbQWxoJGz1iw5U0Jl0nma13xzHXcncMavQ=="
    }
  }
}
